// !$*UTF8*$!
{
	archiveVersion = 1;
	classes = {
	};
	objectVersion = 50;
	objects = {

/* Begin PBXBuildFile section */
		6F20005F2402E8E1003288AA /* AppDelegate.swift in Sources */ = {isa = PBXBuildFile; fileRef = 6F20005E2402E8E1003288AA /* AppDelegate.swift */; };
		6F2000612402E8E1003288AA /* SceneDelegate.swift in Sources */ = {isa = PBXBuildFile; fileRef = 6F2000602402E8E1003288AA /* SceneDelegate.swift */; };
		6F2000632402E8E1003288AA /* ViewController.swift in Sources */ = {isa = PBXBuildFile; fileRef = 6F2000622402E8E1003288AA /* ViewController.swift */; };
		6F2000662402E8E1003288AA /* Main.storyboard in Resources */ = {isa = PBXBuildFile; fileRef = 6F2000642402E8E1003288AA /* Main.storyboard */; };
		6F2000682402E8E2003288AA /* Assets.xcassets in Resources */ = {isa = PBXBuildFile; fileRef = 6F2000672402E8E2003288AA /* Assets.xcassets */; };
		6F20006B2402E8E2003288AA /* LaunchScreen.storyboard in Resources */ = {isa = PBXBuildFile; fileRef = 6F2000692402E8E2003288AA /* LaunchScreen.storyboard */; };
		6F20007B2402EBA5003288AA /* SharedCode.framework in Frameworks */ = {isa = PBXBuildFile; fileRef = 6F2000732402EAE4003288AA /* SharedCode.framework */; };
		6F20007C2402EBA5003288AA /* SharedCode.framework in Embed Frameworks */ = {isa = PBXBuildFile; fileRef = 6F2000732402EAE4003288AA /* SharedCode.framework */; settings = {ATTRIBUTES = (CodeSignOnCopy, RemoveHeadersOnCopy, ); }; };
/* End PBXBuildFile section */

/* Begin PBXCopyFilesBuildPhase section */
		6F20007D2402EBA5003288AA /* Embed Frameworks */ = {
			isa = PBXCopyFilesBuildPhase;
			buildActionMask = 2147483647;
			dstPath = "";
			dstSubfolderSpec = 10;
			files = (
				6F20007C2402EBA5003288AA /* SharedCode.framework in Embed Frameworks */,
			);
			name = "Embed Frameworks";
			runOnlyForDeploymentPostprocessing = 0;
		};
/* End PBXCopyFilesBuildPhase section */

/* Begin PBXFileReference section */
		6F20005B2402E8E1003288AA /* KMPiOS.app */ = {isa = PBXFileReference; explicitFileType = wrapper.application; includeInIndex = 0; path = KMPiOS.app; sourceTree = BUILT_PRODUCTS_DIR; };
		6F20005E2402E8E1003288AA /* AppDelegate.swift */ = {isa = PBXFileReference; lastKnownFileType = sourcecode.swift; path = AppDelegate.swift; sourceTree = "<group>"; };
		6F2000602402E8E1003288AA /* SceneDelegate.swift */ = {isa = PBXFileReference; lastKnownFileType = sourcecode.swift; path = SceneDelegate.swift; sourceTree = "<group>"; };
		6F2000622402E8E1003288AA /* ViewController.swift */ = {isa = PBXFileReference; lastKnownFileType = sourcecode.swift; path = ViewController.swift; sourceTree = "<group>"; };
		6F2000652402E8E1003288AA /* Base */ = {isa = PBXFileReference; lastKnownFileType = file.storyboard; name = Base; path = Base.lproj/Main.storyboard; sourceTree = "<group>"; };
		6F2000672402E8E2003288AA /* Assets.xcassets */ = {isa = PBXFileReference; lastKnownFileType = folder.assetcatalog; path = Assets.xcassets; sourceTree = "<group>"; };
		6F20006A2402E8E2003288AA /* Base */ = {isa = PBXFileReference; lastKnownFileType = file.storyboard; name = Base; path = Base.lproj/LaunchScreen.storyboard; sourceTree = "<group>"; };
		6F20006C2402E8E2003288AA /* Info.plist */ = {isa = PBXFileReference; lastKnownFileType = text.plist.xml; path = Info.plist; sourceTree = "<group>"; };
		6F2000732402EAE4003288AA /* SharedCode.framework */ = {isa = PBXFileReference; lastKnownFileType = wrapper.framework; name = SharedCode.framework; path = "../../SharedCode/build/xcode-frameworks/SharedCode.framework"; sourceTree = "<group>"; };
		6F2000772402EB8E003288AA /* SharedCode */ = {isa = PBXFileReference; lastKnownFileType = "compiled.mach-o.dylib"; name = SharedCode; path = "../../SharedCode/build/xcode-frameworks/SharedCode.framework/SharedCode"; sourceTree = "<group>"; };
/* End PBXFileReference section */

/* Begin PBXFrameworksBuildPhase section */
		6F2000582402E8E1003288AA /* Frameworks */ = {
			isa = PBXFrameworksBuildPhase;
			buildActionMask = 2147483647;
			files = (
				6F20007B2402EBA5003288AA /* SharedCode.framework in Frameworks */,
			);
			runOnlyForDeploymentPostprocessing = 0;
		};
/* End PBXFrameworksBuildPhase section */

/* Begin PBXGroup section */
		6F2000522402E8E1003288AA = {
			isa = PBXGroup;
			children = (
				6F20005D2402E8E1003288AA /* KMPiOS */,
				6F20005C2402E8E1003288AA /* Products */,
				6F2000722402EAE4003288AA /* Frameworks */,
			);
			sourceTree = "<group>";
		};
		6F20005C2402E8E1003288AA /* Products */ = {
			isa = PBXGroup;
			children = (
				6F20005B2402E8E1003288AA /* KMPiOS.app */,
			);
			name = Products;
			sourceTree = "<group>";
		};
		6F20005D2402E8E1003288AA /* KMPiOS */ = {
			isa = PBXGroup;
			children = (
				6F20005E2402E8E1003288AA /* AppDelegate.swift */,
				6F2000602402E8E1003288AA /* SceneDelegate.swift */,
				6F2000622402E8E1003288AA /* ViewController.swift */,
				6F2000642402E8E1003288AA /* Main.storyboard */,
				6F2000672402E8E2003288AA /* Assets.xcassets */,
				6F2000692402E8E2003288AA /* LaunchScreen.storyboard */,
				6F20006C2402E8E2003288AA /* Info.plist */,
			);
			path = KMPiOS;
			sourceTree = "<group>";
		};
		6F2000722402EAE4003288AA /* Frameworks */ = {
			isa = PBXGroup;
			children = (
				6F2000772402EB8E003288AA /* SharedCode */,
				6F2000732402EAE4003288AA /* SharedCode.framework */,
			);
			name = Frameworks;
			sourceTree = "<group>";
		};
/* End PBXGroup section */

/* Begin PBXNativeTarget section */
		6F20005A2402E8E1003288AA /* KMPiOS */ = {
			isa = PBXNativeTarget;
			buildConfigurationList = 6F20006F2402E8E2003288AA /* Build configuration list for PBXNativeTarget "KMPiOS" */;
			buildPhases = (
				6F20007E2402EC53003288AA /* ShellScript */,
				6F2000572402E8E1003288AA /* Sources */,
				6F2000582402E8E1003288AA /* Frameworks */,
				6F2000592402E8E1003288AA /* Resources */,
				6F20007D2402EBA5003288AA /* Embed Frameworks */,
			);
			buildRules = (
			);
			dependencies = (
			);
			name = KMPiOS;
			productName = KMPiOS;
			productReference = 6F20005B2402E8E1003288AA /* KMPiOS.app */;
			productType = "com.apple.product-type.application";
		};
/* End PBXNativeTarget section */

/* Begin PBXProject section */
		6F2000532402E8E1003288AA /* Project object */ = {
			isa = PBXProject;
			attributes = {
				LastSwiftUpdateCheck = 1130;
				LastUpgradeCheck = 1130;
				ORGANIZATIONNAME = "Hardik Trivedi";
				TargetAttributes = {
					6F20005A2402E8E1003288AA = {
						CreatedOnToolsVersion = 11.3.1;
					};
				};
			};
			buildConfigurationList = 6F2000562402E8E1003288AA /* Build configuration list for PBXProject "KMPiOS" */;
			compatibilityVersion = "Xcode 9.3";
			developmentRegion = en;
			hasScannedForEncodings = 0;
			knownRegions = (
				en,
				Base,
			);
			mainGroup = 6F2000522402E8E1003288AA;
			productRefGroup = 6F20005C2402E8E1003288AA /* Products */;
			projectDirPath = "";
			projectRoot = "";
			targets = (
				6F20005A2402E8E1003288AA /* KMPiOS */,
			);
		};
/* End PBXProject section */

/* Begin PBXResourcesBuildPhase section */
		6F2000592402E8E1003288AA /* Resources */ = {
			isa = PBXResourcesBuildPhase;
			buildActionMask = 2147483647;
			files = (
				6F20006B2402E8E2003288AA /* LaunchScreen.storyboard in Resources */,
				6F2000682402E8E2003288AA /* Assets.xcassets in Resources */,
				6F2000662402E8E1003288AA /* Main.storyboard in Resources */,
			);
			runOnlyForDeploymentPostprocessing = 0;
		};
/* End PBXResourcesBuildPhase section */

/* Begin PBXShellScriptBuildPhase section */
		6F20007E2402EC53003288AA /* ShellScript */ = {
			isa = PBXShellScriptBuildPhase;
			buildActionMask = 2147483647;
			files = (
			);
			inputFileListPaths = (
			);
			inputPaths = (
			);
			outputFileListPaths = (
			);
			outputPaths = (
			);
			runOnlyForDeploymentPostprocessing = 0;
			shellPath = /bin/sh;
			shellScript = "cd \"$SRCROOT/../../SharedCode/build/xcode-frameworks\"\n./gradlew :SharedCode:packForXCode -PXCODE_CONFIGURATION=${CONFIGURATION}\n";
		};
/* End PBXShellScriptBuildPhase section */

/* Begin PBXSourcesBuildPhase section */
		6F2000572402E8E1003288AA /* Sources */ = {
			isa = PBXSourcesBuildPhase;
			buildActionMask = 2147483647;
			files = (
				6F2000632402E8E1003288AA /* ViewController.swift in Sources */,
				6F20005F2402E8E1003288AA /* AppDelegate.swift in Sources */,
				6F2000612402E8E1003288AA /* SceneDelegate.swift in Sources */,
			);
			runOnlyForDeploymentPostprocessing = 0;
		};
/* End PBXSourcesBuildPhase section */

/* Begin PBXVariantGroup section */
		6F2000642402E8E1003288AA /* Main.storyboard */ = {
			isa = PBXVariantGroup;
			children = (
				6F2000652402E8E1003288AA /* Base */,
			);
			name = Main.storyboard;
			sourceTree = "<group>";
		};
		6F2000692402E8E2003288AA /* LaunchScreen.storyboard */ = {
			isa = PBXVariantGroup;
			children = (
				6F20006A2402E8E2003288AA /* Base */,
			);
			name = LaunchScreen.storyboard;
			sourceTree = "<group>";
		};
/* End PBXVariantGroup section */

/* Begin XCBuildConfiguration section */
		6F20006D2402E8E2003288AA /* Debug */ = {
			isa = XCBuildConfiguration;
			buildSettings = {
				ALWAYS_SEARCH_USER_PATHS = NO;
				CLANG_ANALYZER_NONNULL = YES;
				CLANG_ANALYZER_NUMBER_OBJECT_CONVERSION = YES_AGGRESSIVE;
				CLANG_CXX_LANGUAGE_STANDARD = "gnu++14";
				CLANG_CXX_LIBRARY = "libc++";
				CLANG_ENABLE_MODULES = YES;
				CLANG_ENABLE_OBJC_ARC = YES;
				CLANG_ENABLE_OBJC_WEAK = YES;
				CLANG_WARN_BLOCK_CAPTURE_AUTORELEASING = YES;
				CLANG_WARN_BOOL_CONVERSION = YES;
				CLANG_WARN_COMMA = YES;
				CLANG_WARN_CONSTANT_CONVERSION = YES;
				CLANG_WARN_DEPRECATED_OBJC_IMPLEMENTATIONS = YES;
				CLANG_WARN_DIRECT_OBJC_ISA_USAGE = YES_ERROR;
				CLANG_WARN_DOCUMENTATION_COMMENTS = YES;
				CLANG_WARN_EMPTY_BODY = YES;
				CLANG_WARN_ENUM_CONVERSION = YES;
				CLANG_WARN_INFINITE_RECURSION = YES;
				CLANG_WARN_INT_CONVERSION = YES;
				CLANG_WARN_NON_LITERAL_NULL_CONVERSION = YES;
				CLANG_WARN_OBJC_IMPLICIT_RETAIN_SELF = YES;
				CLANG_WARN_OBJC_LITERAL_CONVERSION = YES;
				CLANG_WARN_OBJC_ROOT_CLASS = YES_ERROR;
				CLANG_WARN_RANGE_LOOP_ANALYSIS = YES;
				CLANG_WARN_STRICT_PROTOTYPES = YES;
				CLANG_WARN_SUSPICIOUS_MOVE = YES;
				CLANG_WARN_UNGUARDED_AVAILABILITY = YES_AGGRESSIVE;
				CLANG_WARN_UNREACHABLE_CODE = YES;
				CLANG_WARN__DUPLICATE_METHOD_MATCH = YES;
				COPY_PHASE_STRIP = NO;
				DEBUG_INFORMATION_FORMAT = dwarf;
				ENABLE_STRICT_OBJC_MSGSEND = YES;
				ENABLE_TESTABILITY = YES;
				GCC_C_LANGUAGE_STANDARD = gnu11;
				GCC_DYNAMIC_NO_PIC = NO;
				GCC_NO_COMMON_BLOCKS = YES;
				GCC_OPTIMIZATION_LEVEL = 0;
				GCC_PREPROCESSOR_DEFINITIONS = (
					"DEBUG=1",
					"$(inherited)",
				);
				GCC_WARN_64_TO_32_BIT_CONVERSION = YES;
				GCC_WARN_ABOUT_RETURN_TYPE = YES_ERROR;
				GCC_WARN_UNDECLARED_SELECTOR = YES;
				GCC_WARN_UNINITIALIZED_AUTOS = YES_AGGRESSIVE;
				GCC_WARN_UNUSED_FUNCTION = YES;
				GCC_WARN_UNUSED_VARIABLE = YES;
				IPHONEOS_DEPLOYMENT_TARGET = 13.2;
				MTL_ENABLE_DEBUG_INFO = INCLUDE_SOURCE;
				MTL_FAST_MATH = YES;
				ONLY_ACTIVE_ARCH = YES;
				SDKROOT = iphoneos;
				SWIFT_ACTIVE_COMPILATION_CONDITIONS = DEBUG;
				SWIFT_OPTIMIZATION_LEVEL = "-Onone";
			};
			name = Debug;
		};
		6F20006E2402E8E2003288AA /* Release */ = {
			isa = XCBuildConfiguration;
			buildSettings = {
				ALWAYS_SEARCH_USER_PATHS = NO;
				CLANG_ANALYZER_NONNULL = YES;
				CLANG_ANALYZER_NUMBER_OBJECT_CONVERSION = YES_AGGRESSIVE;
				CLANG_CXX_LANGUAGE_STANDARD = "gnu++14";
				CLANG_CXX_LIBRARY = "libc++";
				CLANG_ENABLE_MODULES = YES;
				CLANG_ENABLE_OBJC_ARC = YES;
				CLANG_ENABLE_OBJC_WEAK = YES;
				CLANG_WARN_BLOCK_CAPTURE_AUTORELEASING = YES;
				CLANG_WARN_BOOL_CONVERSION = YES;
				CLANG_WARN_COMMA = YES;
				CLANG_WARN_CONSTANT_CONVERSION = YES;
				CLANG_WARN_DEPRECATED_OBJC_IMPLEMENTATIONS = YES;
				CLANG_WARN_DIRECT_OBJC_ISA_USAGE = YES_ERROR;
				CLANG_WARN_DOCUMENTATION_COMMENTS = YES;
				CLANG_WARN_EMPTY_BODY = YES;
				CLANG_WARN_ENUM_CONVERSION = YES;
				CLANG_WARN_INFINITE_RECURSION = YES;
				CLANG_WARN_INT_CONVERSION = YES;
				CLANG_WARN_NON_LITERAL_NULL_CONVERSION = YES;
				CLANG_WARN_OBJC_IMPLICIT_RETAIN_SELF = YES;
				CLANG_WARN_OBJC_LITERAL_CONVERSION = YES;
				CLANG_WARN_OBJC_ROOT_CLASS = YES_ERROR;
				CLANG_WARN_RANGE_LOOP_ANALYSIS = YES;
				CLANG_WARN_STRICT_PROTOTYPES = YES;
				CLANG_WARN_SUSPICIOUS_MOVE = YES;
				CLANG_WARN_UNGUARDED_AVAILABILITY = YES_AGGRESSIVE;
				CLANG_WARN_UNREACHABLE_CODE = YES;
				CLANG_WARN__DUPLICATE_METHOD_MATCH = YES;
				COPY_PHASE_STRIP = NO;
				DEBUG_INFORMATION_FORMAT = "dwarf-with-dsym";
				ENABLE_NS_ASSERTIONS = NO;
				ENABLE_STRICT_OBJC_MSGSEND = YES;
				GCC_C_LANGUAGE_STANDARD = gnu11;
				GCC_NO_COMMON_BLOCKS = YES;
				GCC_WARN_64_TO_32_BIT_CONVERSION = YES;
				GCC_WARN_ABOUT_RETURN_TYPE = YES_ERROR;
				GCC_WARN_UNDECLARED_SELECTOR = YES;
				GCC_WARN_UNINITIALIZED_AUTOS = YES_AGGRESSIVE;
				GCC_WARN_UNUSED_FUNCTION = YES;
				GCC_WARN_UNUSED_VARIABLE = YES;
				IPHONEOS_DEPLOYMENT_TARGET = 13.2;
				MTL_ENABLE_DEBUG_INFO = NO;
				MTL_FAST_MATH = YES;
				SDKROOT = iphoneos;
				SWIFT_COMPILATION_MODE = wholemodule;
				SWIFT_OPTIMIZATION_LEVEL = "-O";
				VALIDATE_PRODUCT = YES;
			};
			name = Release;
		};
		6F2000702402E8E2003288AA /* Debug */ = {
			isa = XCBuildConfiguration;
			buildSettings = {
				ASSETCATALOG_COMPILER_APPICON_NAME = AppIcon;
				CODE_SIGN_STYLE = Automatic;
				FRAMEWORK_SEARCH_PATHS = "$(SRCROOT)/../../SharedCode/build/xcode-frameworks";
				INFOPLIST_FILE = KMPiOS/Info.plist;
				LD_RUNPATH_SEARCH_PATHS = (
					"$(inherited)",
					"@executable_path/Frameworks",
				);
				PRODUCT_BUNDLE_IDENTIFIER = com.hardiktrivedi.kmpandroidios.KMPiOS;
				PRODUCT_NAME = "$(TARGET_NAME)";
				SWIFT_VERSION = 5.0;
				TARGETED_DEVICE_FAMILY = "1,2";
			};
			name = Debug;
		};
		6F2000712402E8E2003288AA /* Release */ = {
			isa = XCBuildConfiguration;
			buildSettings = {
				ASSETCATALOG_COMPILER_APPICON_NAME = AppIcon;
				CODE_SIGN_STYLE = Automatic;
				FRAMEWORK_SEARCH_PATHS = "$(SRCROOT)/../../SharedCode/build/xcode-frameworks";
				INFOPLIST_FILE = KMPiOS/Info.plist;
				LD_RUNPATH_SEARCH_PATHS = (
					"$(inherited)",
					"@executable_path/Frameworks",
				);
				PRODUCT_BUNDLE_IDENTIFIER = com.hardiktrivedi.kmpandroidios.KMPiOS;
				PRODUCT_NAME = "$(TARGET_NAME)";
				SWIFT_VERSION = 5.0;
				TARGETED_DEVICE_FAMILY = "1,2";
			};
			name = Release;
		};
/* End XCBuildConfiguration section */

/* Begin XCConfigurationList section */
		6F2000562402E8E1003288AA /* Build configuration list for PBXProject "KMPiOS" */ = {
			isa = XCConfigurationList;
			buildConfigurations = (
				6F20006D2402E8E2003288AA /* Debug */,
				6F20006E2402E8E2003288AA /* Release */,
			);
			defaultConfigurationIsVisible = 0;
			defaultConfigurationName = Release;
		};
		6F20006F2402E8E2003288AA /* Build configuration list for PBXNativeTarget "KMPiOS" */ = {
			isa = XCConfigurationList;
			buildConfigurations = (
				6F2000702402E8E2003288AA /* Debug */,
				6F2000712402E8E2003288AA /* Release */,
			);
			defaultConfigurationIsVisible = 0;
			defaultConfigurationName = Release;
		};
/* End XCConfigurationList section */
	};
	rootObject = 6F2000532402E8E1003288AA /* Project object */;
}
